
Microsoft Visual Studio Solution File, Format Version 12.00
# Visual Studio Version 17
VisualStudioVersion = 17.3.32929.385
MinimumVisualStudioVersion = 10.0.40219.1
Project("{FAE04EC0-301F-11D3-BF4B-00C04F79EFBC}") = "Ex5", "Ex5\Ex5.csproj", "{293AA3A0-1FC0-4739-9EE2-0BFAB30EBDAE}"
EndProject
Global
	GlobalSection(SolutionConfigurationPlatforms) = preSolution
		Debug|Any CPU = Debug|Any CPU
		Release|Any CPU = Release|Any CPU
	EndGlobalSection
	GlobalSection(ProjectConfigurationPlatforms) = postSolution
		{293AA3A0-1FC0-4739-9EE2-0BFAB30EBDAE}.Debug|Any CPU.ActiveCfg = Debug|Any CPU
		{293AA3A0-1FC0-4739-9EE2-0BFAB30EBDAE}.Debug|Any CPU.Build.0 = Debug|Any CPU
		{293AA3A0-1FC0-4739-9EE2-0BFAB30EBDAE}.Release|Any CPU.ActiveCfg = Release|Any CPU
		{293AA3A0-1FC0-4739-9EE2-0BFAB30EBDAE}.Release|Any CPU.Build.0 = Release|Any CPU
	EndGlobalSection
	GlobalSection(SolutionProperties) = preSolution
		HideSolutionNode = FALSE
	EndGlobalSection
	GlobalSection(ExtensibilityGlobals) = postSolution
		SolutionGuid = {47200477-0388-4016-8384-ED7E327EB48E}
	EndGlobalSection
EndGlobal
