
Microsoft Visual Studio Solution File, Format Version 12.00
# Visual Studio Version 17
VisualStudioVersion = 17.3.32929.385
MinimumVisualStudioVersion = 10.0.40219.1
Project("{FAE04EC0-301F-11D3-BF4B-00C04F79EFBC}") = "Ex4", "Ex4\Ex4.csproj", "{F1B34B1D-B96D-4092-8C97-2CA61AF9633A}"
EndProject
Global
	GlobalSection(SolutionConfigurationPlatforms) = preSolution
		Debug|Any CPU = Debug|Any CPU
		Release|Any CPU = Release|Any CPU
	EndGlobalSection
	GlobalSection(ProjectConfigurationPlatforms) = postSolution
		{F1B34B1D-B96D-4092-8C97-2CA61AF9633A}.Debug|Any CPU.ActiveCfg = Debug|Any CPU
		{F1B34B1D-B96D-4092-8C97-2CA61AF9633A}.Debug|Any CPU.Build.0 = Debug|Any CPU
		{F1B34B1D-B96D-4092-8C97-2CA61AF9633A}.Release|Any CPU.ActiveCfg = Release|Any CPU
		{F1B34B1D-B96D-4092-8C97-2CA61AF9633A}.Release|Any CPU.Build.0 = Release|Any CPU
	EndGlobalSection
	GlobalSection(SolutionProperties) = preSolution
		HideSolutionNode = FALSE
	EndGlobalSection
	GlobalSection(ExtensibilityGlobals) = postSolution
		SolutionGuid = {66B06191-EDF2-4868-AA18-6ACC1F2B57AC}
	EndGlobalSection
EndGlobal
